
Microsoft Visual Studio Solution File, Format Version 12.00
# Visual Studio 15
VisualStudioVersion = 15.0.28307.852
MinimumVisualStudioVersion = 10.0.40219.1
Project("{8BC9CEB8-8B4A-11D0-8D11-00A0C91BC942}") = "WindowsProject1", "WindowsProject1\WindowsProject1.vcxproj", "{167FA4EF-4FB4-4FD5-B246-3BB15B31B936}"
EndProject
Global
	GlobalSection(SolutionConfigurationPlatforms) = preSolution
		Debug|x64 = Debug|x64
		Debug|x86 = Debug|x86
		Release|x64 = Release|x64
		Release|x86 = Release|x86
	EndGlobalSection
	GlobalSection(ProjectConfigurationPlatforms) = postSolution
		{167FA4EF-4FB4-4FD5-B246-3BB15B31B936}.Debug|x64.ActiveCfg = Debug|x64
		{167FA4EF-4FB4-4FD5-B246-3BB15B31B936}.Debug|x64.Build.0 = Debug|x64
		{167FA4EF-4FB4-4FD5-B246-3BB15B31B936}.Debug|x86.ActiveCfg = Debug|Win32
		{167FA4EF-4FB4-4FD5-B246-3BB15B31B936}.Debug|x86.Build.0 = Debug|Win32
		{167FA4EF-4FB4-4FD5-B246-3BB15B31B936}.Release|x64.ActiveCfg = Release|x64
		{167FA4EF-4FB4-4FD5-B246-3BB15B31B936}.Release|x64.Build.0 = Release|x64
		{167FA4EF-4FB4-4FD5-B246-3BB15B31B936}.Release|x86.ActiveCfg = Release|Win32
		{167FA4EF-4FB4-4FD5-B246-3BB15B31B936}.Release|x86.Build.0 = Release|Win32
	EndGlobalSection
	GlobalSection(SolutionProperties) = preSolution
		HideSolutionNode = FALSE
	EndGlobalSection
	GlobalSection(ExtensibilityGlobals) = postSolution
		SolutionGuid = {B300A2BC-63D9-4DD3-B6EE-678DDFE9AB58}
	EndGlobalSection
EndGlobal
